
Microsoft Visual Studio Solution File, Format Version 12.00
# Visual Studio Version 17
VisualStudioVersion = 17.10.35013.160
MinimumVisualStudioVersion = 10.0.40219.1
Project("{FAE04EC0-301F-11D3-BF4B-00C04F79EFBC}") = "HelloWorld", "HelloWorld.csproj", "{941C553A-2379-494C-ABFE-C0533F3C868A}"
EndProject
Global
	GlobalSection(SolutionConfigurationPlatforms) = preSolution
		Debug|Any CPU = Debug|Any CPU
		Release|Any CPU = Release|Any CPU
	EndGlobalSection
	GlobalSection(ProjectConfigurationPlatforms) = postSolution
		{941C553A-2379-494C-ABFE-C0533F3C868A}.Debug|Any CPU.ActiveCfg = Debug|Any CPU
		{941C553A-2379-494C-ABFE-C0533F3C868A}.Debug|Any CPU.Build.0 = Debug|Any CPU
		{941C553A-2379-494C-ABFE-C0533F3C868A}.Release|Any CPU.ActiveCfg = Release|Any CPU
		{941C553A-2379-494C-ABFE-C0533F3C868A}.Release|Any CPU.Build.0 = Release|Any CPU
	EndGlobalSection
	GlobalSection(SolutionProperties) = preSolution
		HideSolutionNode = FALSE
	EndGlobalSection
	GlobalSection(ExtensibilityGlobals) = postSolution
		SolutionGuid = {10277BF8-2B07-4149-8912-148E6A77D07A}
	EndGlobalSection
EndGlobal
